
Microsoft Visual Studio Solution File, Format Version 11.00
# Visual Studio 2010
Project("{FAE04EC0-301F-11D3-BF4B-00C04F79EFBC}") = "console_knb_bot", "console_knb_bot\console_knb_bot.csproj", "{BBA5AD4C-3F99-4870-B401-CC537FB15499}"
EndProject
Global
	GlobalSection(SubversionScc) = preSolution
		Svn-Managed = True
		Manager = AnkhSVN - Subversion Support for Visual Studio
	EndGlobalSection
	GlobalSection(SolutionConfigurationPlatforms) = preSolution
		Debug|x86 = Debug|x86
		Release|x86 = Release|x86
	EndGlobalSection
	GlobalSection(ProjectConfigurationPlatforms) = postSolution
		{BBA5AD4C-3F99-4870-B401-CC537FB15499}.Debug|x86.ActiveCfg = Release|x86
		{BBA5AD4C-3F99-4870-B401-CC537FB15499}.Debug|x86.Build.0 = Release|x86
		{BBA5AD4C-3F99-4870-B401-CC537FB15499}.Release|x86.ActiveCfg = Release|x86
		{BBA5AD4C-3F99-4870-B401-CC537FB15499}.Release|x86.Build.0 = Release|x86
	EndGlobalSection
	GlobalSection(SolutionProperties) = preSolution
		HideSolutionNode = FALSE
	EndGlobalSection
EndGlobal
