
Microsoft Visual Studio Solution File, Format Version 11.00
# Visual Studio 2010
Project("{FAE04EC0-301F-11D3-BF4B-00C04F79EFBC}") = "KindleAssistant", "KindleAssistant\KindleAssistant.csproj", "{EF6C788E-BCF3-462E-A37C-1F65EA935F4A}"
EndProject
Global
	GlobalSection(SubversionScc) = preSolution
		Svn-Managed = True
		Manager = AnkhSVN - Subversion Support for Visual Studio
	EndGlobalSection
	GlobalSection(SolutionConfigurationPlatforms) = preSolution
		Debug|x86 = Debug|x86
		Release|x86 = Release|x86
	EndGlobalSection
	GlobalSection(ProjectConfigurationPlatforms) = postSolution
		{EF6C788E-BCF3-462E-A37C-1F65EA935F4A}.Debug|x86.ActiveCfg = Release|x86
		{EF6C788E-BCF3-462E-A37C-1F65EA935F4A}.Debug|x86.Build.0 = Release|x86
		{EF6C788E-BCF3-462E-A37C-1F65EA935F4A}.Release|x86.ActiveCfg = Release|x86
		{EF6C788E-BCF3-462E-A37C-1F65EA935F4A}.Release|x86.Build.0 = Release|x86
	EndGlobalSection
	GlobalSection(SolutionProperties) = preSolution
		HideSolutionNode = FALSE
	EndGlobalSection
EndGlobal
